
Microsoft Visual Studio Solution File, Format Version 12.00
# Visual Studio 2017
Project("{FAE04EC0-301F-11D3-BF4B-00C04F79EFBC}") = "TCP_ShowControl_Test", "TCP_ShowControl_Test.csproj", "{6BF34E31-9421-5F4E-6548-2199C40E6179}"
EndProject
Global
	GlobalSection(SolutionConfigurationPlatforms) = preSolution
		Debug|Any CPU = Debug|Any CPU
		Release|Any CPU = Release|Any CPU
	EndGlobalSection
	GlobalSection(ProjectConfigurationPlatforms) = postSolution
		{6BF34E31-9421-5F4E-6548-2199C40E6179}.Debug|Any CPU.ActiveCfg = Debug|Any CPU
		{6BF34E31-9421-5F4E-6548-2199C40E6179}.Debug|Any CPU.Build.0 = Debug|Any CPU
		{6BF34E31-9421-5F4E-6548-2199C40E6179}.Release|Any CPU.ActiveCfg = Release|Any CPU
		{6BF34E31-9421-5F4E-6548-2199C40E6179}.Release|Any CPU.Build.0 = Release|Any CPU
	EndGlobalSection
	GlobalSection(SolutionProperties) = preSolution
		HideSolutionNode = FALSE
	EndGlobalSection
EndGlobal
